{
  "originHash" : "d46323afa3e9435601487a61c9dfaba752136fc906f07d1ea16c4e3d9181ade0",
  "pins" : [
    {
      "identity" : "settingsaccess",
      "kind" : "remoteSourceControl",
      "location" : "https://github.com/orchetect/SettingsAccess",
      "state" : {
        "revision" : "08e80c35501f273afa2f5d6f737429bbe395ff81",
        "version" : "2.1.0"
      }
    }
  ],
  "version" : 3
}
